// !$*UTF8*$!
{
	archiveVersion = 1;
	classes = {
	};
	objectVersion = 56;
	objects = {

/* Begin PBXBuildFile section */
		820589D02A2A749500217BF1 /* ForeApp.swift in Sources */ = {isa = PBXBuildFile; fileRef = 820589CF2A2A749500217BF1 /* ForeApp.swift */; };
		820589D42A2A749600217BF1 /* Assets.xcassets in Resources */ = {isa = PBXBuildFile; fileRef = 820589D32A2A749600217BF1 /* Assets.xcassets */; };
		820589D72A2A749600217BF1 /* Preview Assets.xcassets in Resources */ = {isa = PBXBuildFile; fileRef = 820589D62A2A749600217BF1 /* Preview Assets.xcassets */; };
		820589DF2A2A7ABE00217BF1 /* Dashboard.swift in Sources */ = {isa = PBXBuildFile; fileRef = 820589DE2A2A7ABE00217BF1 /* Dashboard.swift */; };
		820589E32A2AA42F00217BF1 /* StatsView.swift in Sources */ = {isa = PBXBuildFile; fileRef = 820589E22A2AA42F00217BF1 /* StatsView.swift */; };
		820589E52A2AA44E00217BF1 /* PlayView.swift in Sources */ = {isa = PBXBuildFile; fileRef = 820589E42A2AA44E00217BF1 /* PlayView.swift */; };
		820589E72A2AA46700217BF1 /* AccountView.swift in Sources */ = {isa = PBXBuildFile; fileRef = 820589E62A2AA46700217BF1 /* AccountView.swift */; };
		822B048E2A415E6600ABA0A2 /* SPReviewSetup.swift in Sources */ = {isa = PBXBuildFile; fileRef = 822B048D2A415E6600ABA0A2 /* SPReviewSetup.swift */; };
		822FE6992A2DB13C008FB355 /* GolfCoursesView.swift in Sources */ = {isa = PBXBuildFile; fileRef = 822FE6982A2DB13C008FB355 /* GolfCoursesView.swift */; };
		822FE69B2A2DB415008FB355 /* AchievementsView.swift in Sources */ = {isa = PBXBuildFile; fileRef = 822FE69A2A2DB415008FB355 /* AchievementsView.swift */; };
		8242091B2A5C8DBF00A5CA2C /* SPGameScoreCard.swift in Sources */ = {isa = PBXBuildFile; fileRef = 8242091A2A5C8DBF00A5CA2C /* SPGameScoreCard.swift */; };
		8242091E2A61E2D400A5CA2C /* SkinsPlayerCount.swift in Sources */ = {isa = PBXBuildFile; fileRef = 8242091D2A61E2D400A5CA2C /* SkinsPlayerCount.swift */; };
		824209202A61E37400A5CA2C /* SkinsHoleCount.swift in Sources */ = {isa = PBXBuildFile; fileRef = 8242091F2A61E37400A5CA2C /* SkinsHoleCount.swift */; };
		824209222A61E3A800A5CA2C /* SkinsHoleGamePlay.swift in Sources */ = {isa = PBXBuildFile; fileRef = 824209212A61E3A800A5CA2C /* SkinsHoleGamePlay.swift */; };
		824209242A61E3C000A5CA2C /* SkinsGolfPlayer.swift in Sources */ = {isa = PBXBuildFile; fileRef = 824209232A61E3C000A5CA2C /* SkinsGolfPlayer.swift */; };
		824209262A61E3D500A5CA2C /* SkinsGolfHole.swift in Sources */ = {isa = PBXBuildFile; fileRef = 824209252A61E3D500A5CA2C /* SkinsGolfHole.swift */; };
		824209282A61E3EE00A5CA2C /* SkinsGolfGame.swift in Sources */ = {isa = PBXBuildFile; fileRef = 824209272A61E3EE00A5CA2C /* SkinsGolfGame.swift */; };
		8242092A2A61E3FE00A5CA2C /* SkinsReviewSetup.swift in Sources */ = {isa = PBXBuildFile; fileRef = 824209292A61E3FE00A5CA2C /* SkinsReviewSetup.swift */; };
		8242092C2A61E40B00A5CA2C /* SkinsGameScoreCard.swift in Sources */ = {isa = PBXBuildFile; fileRef = 8242092B2A61E40B00A5CA2C /* SkinsGameScoreCard.swift */; };
		825EDC1B2A32815A003A8800 /* SPGolfPlayer.swift in Sources */ = {isa = PBXBuildFile; fileRef = 825EDC1A2A32815A003A8800 /* SPGolfPlayer.swift */; };
		825EDC1D2A328179003A8800 /* SPGolfHole.swift in Sources */ = {isa = PBXBuildFile; fileRef = 825EDC1C2A328179003A8800 /* SPGolfHole.swift */; };
		825EDC1F2A32B49F003A8800 /* SPGolfGame.swift in Sources */ = {isa = PBXBuildFile; fileRef = 825EDC1E2A32B49F003A8800 /* SPGolfGame.swift */; };
		82FA561F2A31036A004CAD8F /* SPHoleCount.swift in Sources */ = {isa = PBXBuildFile; fileRef = 82FA561E2A31036A004CAD8F /* SPHoleCount.swift */; };
		82FA56222A317BFB004CAD8F /* SPHoleGamePlay.swift in Sources */ = {isa = PBXBuildFile; fileRef = 82FA56212A317BFB004CAD8F /* SPHoleGamePlay.swift */; };
		82FDBFD92A2E5A1B0018F462 /* StatInfoView.swift in Sources */ = {isa = PBXBuildFile; fileRef = 82FDBFD82A2E5A1B0018F462 /* StatInfoView.swift */; };
		82FDBFDB2A2E5A820018F462 /* StrokePlayStatReset.swift in Sources */ = {isa = PBXBuildFile; fileRef = 82FDBFDA2A2E5A820018F462 /* StrokePlayStatReset.swift */; };
		82FDBFDD2A2E693B0018F462 /* SkinStatReset.swift in Sources */ = {isa = PBXBuildFile; fileRef = 82FDBFDC2A2E693B0018F462 /* SkinStatReset.swift */; };
		82FDBFDF2A2E69560018F462 /* MatchPlayStatReset.swift in Sources */ = {isa = PBXBuildFile; fileRef = 82FDBFDE2A2E69560018F462 /* MatchPlayStatReset.swift */; };
		82FDBFE12A2E69740018F462 /* AllStatReset.swift in Sources */ = {isa = PBXBuildFile; fileRef = 82FDBFE02A2E69740018F462 /* AllStatReset.swift */; };
		82FDBFE52A2FD34A0018F462 /* SPPlayerCount.swift in Sources */ = {isa = PBXBuildFile; fileRef = 82FDBFE42A2FD34A0018F462 /* SPPlayerCount.swift */; };
		82FDBFE82A3047420018F462 /* SPInstructions.swift in Sources */ = {isa = PBXBuildFile; fileRef = 82FDBFE72A3047420018F462 /* SPInstructions.swift */; };
		82FDBFEA2A30485E0018F462 /* SkinsInstructions.swift in Sources */ = {isa = PBXBuildFile; fileRef = 82FDBFE92A30485E0018F462 /* SkinsInstructions.swift */; };
		82FDBFEC2A3048B70018F462 /* MPInstructions.swift in Sources */ = {isa = PBXBuildFile; fileRef = 82FDBFEB2A3048B70018F462 /* MPInstructions.swift */; };
/* End PBXBuildFile section */

/* Begin PBXFileReference section */
		820589CC2A2A749500217BF1 /* Fore.app */ = {isa = PBXFileReference; explicitFileType = wrapper.application; includeInIndex = 0; path = Fore.app; sourceTree = BUILT_PRODUCTS_DIR; };
		820589CF2A2A749500217BF1 /* ForeApp.swift */ = {isa = PBXFileReference; lastKnownFileType = sourcecode.swift; path = ForeApp.swift; sourceTree = "<group>"; };
		820589D32A2A749600217BF1 /* Assets.xcassets */ = {isa = PBXFileReference; lastKnownFileType = folder.assetcatalog; path = Assets.xcassets; sourceTree = "<group>"; };
		820589D62A2A749600217BF1 /* Preview Assets.xcassets */ = {isa = PBXFileReference; lastKnownFileType = folder.assetcatalog; path = "Preview Assets.xcassets"; sourceTree = "<group>"; };
		820589DE2A2A7ABE00217BF1 /* Dashboard.swift */ = {isa = PBXFileReference; lastKnownFileType = sourcecode.swift; path = Dashboard.swift; sourceTree = "<group>"; };
		820589E22A2AA42F00217BF1 /* StatsView.swift */ = {isa = PBXFileReference; lastKnownFileType = sourcecode.swift; path = StatsView.swift; sourceTree = "<group>"; };
		820589E42A2AA44E00217BF1 /* PlayView.swift */ = {isa = PBXFileReference; lastKnownFileType = sourcecode.swift; path = PlayView.swift; sourceTree = "<group>"; };
		820589E62A2AA46700217BF1 /* AccountView.swift */ = {isa = PBXFileReference; lastKnownFileType = sourcecode.swift; path = AccountView.swift; sourceTree = "<group>"; };
		822B048D2A415E6600ABA0A2 /* SPReviewSetup.swift */ = {isa = PBXFileReference; lastKnownFileType = sourcecode.swift; path = SPReviewSetup.swift; sourceTree = "<group>"; };
		822FE6982A2DB13C008FB355 /* GolfCoursesView.swift */ = {isa = PBXFileReference; lastKnownFileType = sourcecode.swift; path = GolfCoursesView.swift; sourceTree = "<group>"; };
		822FE69A2A2DB415008FB355 /* AchievementsView.swift */ = {isa = PBXFileReference; lastKnownFileType = sourcecode.swift; path = AchievementsView.swift; sourceTree = "<group>"; };
		8242091A2A5C8DBF00A5CA2C /* SPGameScoreCard.swift */ = {isa = PBXFileReference; lastKnownFileType = sourcecode.swift; path = SPGameScoreCard.swift; sourceTree = "<group>"; };
		8242091D2A61E2D400A5CA2C /* SkinsPlayerCount.swift */ = {isa = PBXFileReference; lastKnownFileType = sourcecode.swift; path = SkinsPlayerCount.swift; sourceTree = "<group>"; };
		8242091F2A61E37400A5CA2C /* SkinsHoleCount.swift */ = {isa = PBXFileReference; lastKnownFileType = sourcecode.swift; path = SkinsHoleCount.swift; sourceTree = "<group>"; };
		824209212A61E3A800A5CA2C /* SkinsHoleGamePlay.swift */ = {isa = PBXFileReference; lastKnownFileType = sourcecode.swift; path = SkinsHoleGamePlay.swift; sourceTree = "<group>"; };
		824209232A61E3C000A5CA2C /* SkinsGolfPlayer.swift */ = {isa = PBXFileReference; lastKnownFileType = sourcecode.swift; path = SkinsGolfPlayer.swift; sourceTree = "<group>"; };
		824209252A61E3D500A5CA2C /* SkinsGolfHole.swift */ = {isa = PBXFileReference; lastKnownFileType = sourcecode.swift; path = SkinsGolfHole.swift; sourceTree = "<group>"; };
		824209272A61E3EE00A5CA2C /* SkinsGolfGame.swift */ = {isa = PBXFileReference; lastKnownFileType = sourcecode.swift; path = SkinsGolfGame.swift; sourceTree = "<group>"; };
		824209292A61E3FE00A5CA2C /* SkinsReviewSetup.swift */ = {isa = PBXFileReference; lastKnownFileType = sourcecode.swift; path = SkinsReviewSetup.swift; sourceTree = "<group>"; };
		8242092B2A61E40B00A5CA2C /* SkinsGameScoreCard.swift */ = {isa = PBXFileReference; lastKnownFileType = sourcecode.swift; path = SkinsGameScoreCard.swift; sourceTree = "<group>"; };
		825EDC1A2A32815A003A8800 /* SPGolfPlayer.swift */ = {isa = PBXFileReference; lastKnownFileType = sourcecode.swift; path = SPGolfPlayer.swift; sourceTree = "<group>"; };
		825EDC1C2A328179003A8800 /* SPGolfHole.swift */ = {isa = PBXFileReference; lastKnownFileType = sourcecode.swift; path = SPGolfHole.swift; sourceTree = "<group>"; };
		825EDC1E2A32B49F003A8800 /* SPGolfGame.swift */ = {isa = PBXFileReference; lastKnownFileType = sourcecode.swift; path = SPGolfGame.swift; sourceTree = "<group>"; };
		82FA561E2A31036A004CAD8F /* SPHoleCount.swift */ = {isa = PBXFileReference; lastKnownFileType = sourcecode.swift; path = SPHoleCount.swift; sourceTree = "<group>"; };
		82FA56212A317BFB004CAD8F /* SPHoleGamePlay.swift */ = {isa = PBXFileReference; lastKnownFileType = sourcecode.swift; path = SPHoleGamePlay.swift; sourceTree = "<group>"; };
		82FDBFD82A2E5A1B0018F462 /* StatInfoView.swift */ = {isa = PBXFileReference; lastKnownFileType = sourcecode.swift; path = StatInfoView.swift; sourceTree = "<group>"; };
		82FDBFDA2A2E5A820018F462 /* StrokePlayStatReset.swift */ = {isa = PBXFileReference; lastKnownFileType = sourcecode.swift; path = StrokePlayStatReset.swift; sourceTree = "<group>"; };
		82FDBFDC2A2E693B0018F462 /* SkinStatReset.swift */ = {isa = PBXFileReference; lastKnownFileType = sourcecode.swift; path = SkinStatReset.swift; sourceTree = "<group>"; };
		82FDBFDE2A2E69560018F462 /* MatchPlayStatReset.swift */ = {isa = PBXFileReference; lastKnownFileType = sourcecode.swift; path = MatchPlayStatReset.swift; sourceTree = "<group>"; };
		82FDBFE02A2E69740018F462 /* AllStatReset.swift */ = {isa = PBXFileReference; lastKnownFileType = sourcecode.swift; path = AllStatReset.swift; sourceTree = "<group>"; };
		82FDBFE42A2FD34A0018F462 /* SPPlayerCount.swift */ = {isa = PBXFileReference; lastKnownFileType = sourcecode.swift; path = SPPlayerCount.swift; sourceTree = "<group>"; };
		82FDBFE72A3047420018F462 /* SPInstructions.swift */ = {isa = PBXFileReference; lastKnownFileType = sourcecode.swift; path = SPInstructions.swift; sourceTree = "<group>"; };
		82FDBFE92A30485E0018F462 /* SkinsInstructions.swift */ = {isa = PBXFileReference; lastKnownFileType = sourcecode.swift; path = SkinsInstructions.swift; sourceTree = "<group>"; };
		82FDBFEB2A3048B70018F462 /* MPInstructions.swift */ = {isa = PBXFileReference; lastKnownFileType = sourcecode.swift; path = MPInstructions.swift; sourceTree = "<group>"; };
/* End PBXFileReference section */

/* Begin PBXFrameworksBuildPhase section */
		820589C92A2A749500217BF1 /* Frameworks */ = {
			isa = PBXFrameworksBuildPhase;
			buildActionMask = 2147483647;
			files = (
			);
			runOnlyForDeploymentPostprocessing = 0;
		};
/* End PBXFrameworksBuildPhase section */

/* Begin PBXGroup section */
		820589C32A2A749500217BF1 = {
			isa = PBXGroup;
			children = (
				820589DD2A2A7A9F00217BF1 /* Dashboard */,
				820589CE2A2A749500217BF1 /* Fore */,
				820589CD2A2A749500217BF1 /* Products */,
			);
			sourceTree = "<group>";
		};
		820589CD2A2A749500217BF1 /* Products */ = {
			isa = PBXGroup;
			children = (
				820589CC2A2A749500217BF1 /* Fore.app */,
			);
			name = Products;
			sourceTree = "<group>";
		};
		820589CE2A2A749500217BF1 /* Fore */ = {
			isa = PBXGroup;
			children = (
				820589CF2A2A749500217BF1 /* ForeApp.swift */,
				820589D32A2A749600217BF1 /* Assets.xcassets */,
				820589D52A2A749600217BF1 /* Preview Content */,
			);
			path = Fore;
			sourceTree = "<group>";
		};
		820589D52A2A749600217BF1 /* Preview Content */ = {
			isa = PBXGroup;
			children = (
				820589D62A2A749600217BF1 /* Preview Assets.xcassets */,
			);
			path = "Preview Content";
			sourceTree = "<group>";
		};
		820589DD2A2A7A9F00217BF1 /* Dashboard */ = {
			isa = PBXGroup;
			children = (
				820589DE2A2A7ABE00217BF1 /* Dashboard.swift */,
				82FDBFE32A2FD2EE0018F462 /* DashboardViews */,
				82FDBFE22A2FD26B0018F462 /* GameModeViews */,
				822FE69C2A2DBDDA008FB355 /* StatsOptionViews */,
			);
			path = Dashboard;
			sourceTree = "<group>";
		};
		822FE69C2A2DBDDA008FB355 /* StatsOptionViews */ = {
			isa = PBXGroup;
			children = (
				82FDBFD82A2E5A1B0018F462 /* StatInfoView.swift */,
				82FDBFDA2A2E5A820018F462 /* StrokePlayStatReset.swift */,
				82FDBFDC2A2E693B0018F462 /* SkinStatReset.swift */,
				82FDBFDE2A2E69560018F462 /* MatchPlayStatReset.swift */,
				82FDBFE02A2E69740018F462 /* AllStatReset.swift */,
			);
			path = StatsOptionViews;
			sourceTree = "<group>";
		};
		8236A9AC2A9BD226005E55BB /* MPGamePlay */ = {
			isa = PBXGroup;
			children = (
			);
			path = MPGamePlay;
			sourceTree = "<group>";
		};
		8242091C2A60829B00A5CA2C /* SkinsGamePlay */ = {
			isa = PBXGroup;
			children = (
				8242091D2A61E2D400A5CA2C /* SkinsPlayerCount.swift */,
				8242091F2A61E37400A5CA2C /* SkinsHoleCount.swift */,
				824209212A61E3A800A5CA2C /* SkinsHoleGamePlay.swift */,
				824209232A61E3C000A5CA2C /* SkinsGolfPlayer.swift */,
				824209252A61E3D500A5CA2C /* SkinsGolfHole.swift */,
				824209272A61E3EE00A5CA2C /* SkinsGolfGame.swift */,
				824209292A61E3FE00A5CA2C /* SkinsReviewSetup.swift */,
				8242092B2A61E40B00A5CA2C /* SkinsGameScoreCard.swift */,
			);
			path = SkinsGamePlay;
			sourceTree = "<group>";
		};
		82FA561D2A3100C9004CAD8F /* SPGamePlay */ = {
			isa = PBXGroup;
			children = (
				82FDBFE42A2FD34A0018F462 /* SPPlayerCount.swift */,
				82FA561E2A31036A004CAD8F /* SPHoleCount.swift */,
				82FA56212A317BFB004CAD8F /* SPHoleGamePlay.swift */,
				825EDC1A2A32815A003A8800 /* SPGolfPlayer.swift */,
				825EDC1C2A328179003A8800 /* SPGolfHole.swift */,
				825EDC1E2A32B49F003A8800 /* SPGolfGame.swift */,
				822B048D2A415E6600ABA0A2 /* SPReviewSetup.swift */,
				8242091A2A5C8DBF00A5CA2C /* SPGameScoreCard.swift */,
			);
			path = SPGamePlay;
			sourceTree = "<group>";
		};
		82FDBFE22A2FD26B0018F462 /* GameModeViews */ = {
			isa = PBXGroup;
			children = (
				8236A9AC2A9BD226005E55BB /* MPGamePlay */,
				8242091C2A60829B00A5CA2C /* SkinsGamePlay */,
				82FA561D2A3100C9004CAD8F /* SPGamePlay */,
				82FDBFE62A3040570018F462 /* GameInstructionViews */,
			);
			path = GameModeViews;
			sourceTree = "<group>";
		};
		82FDBFE32A2FD2EE0018F462 /* DashboardViews */ = {
			isa = PBXGroup;
			children = (
				822FE69A2A2DB415008FB355 /* AchievementsView.swift */,
				822FE6982A2DB13C008FB355 /* GolfCoursesView.swift */,
				820589E62A2AA46700217BF1 /* AccountView.swift */,
				820589E42A2AA44E00217BF1 /* PlayView.swift */,
				820589E22A2AA42F00217BF1 /* StatsView.swift */,
			);
			path = DashboardViews;
			sourceTree = "<group>";
		};
		82FDBFE62A3040570018F462 /* GameInstructionViews */ = {
			isa = PBXGroup;
			children = (
				82FDBFE72A3047420018F462 /* SPInstructions.swift */,
				82FDBFE92A30485E0018F462 /* SkinsInstructions.swift */,
				82FDBFEB2A3048B70018F462 /* MPInstructions.swift */,
			);
			path = GameInstructionViews;
			sourceTree = "<group>";
		};
/* End PBXGroup section */

/* Begin PBXNativeTarget section */
		820589CB2A2A749500217BF1 /* Fore */ = {
			isa = PBXNativeTarget;
			buildConfigurationList = 820589DA2A2A749600217BF1 /* Build configuration list for PBXNativeTarget "Fore" */;
			buildPhases = (
				820589C82A2A749500217BF1 /* Sources */,
				820589C92A2A749500217BF1 /* Frameworks */,
				820589CA2A2A749500217BF1 /* Resources */,
			);
			buildRules = (
			);
			dependencies = (
			);
			name = Fore;
			productName = Fore;
			productReference = 820589CC2A2A749500217BF1 /* Fore.app */;
			productType = "com.apple.product-type.application";
		};
/* End PBXNativeTarget section */

/* Begin PBXProject section */
		820589C42A2A749500217BF1 /* Project object */ = {
			isa = PBXProject;
			attributes = {
				BuildIndependentTargetsInParallel = 1;
				LastSwiftUpdateCheck = 1430;
				LastUpgradeCheck = 1430;
				TargetAttributes = {
					820589CB2A2A749500217BF1 = {
						CreatedOnToolsVersion = 14.3;
					};
				};
			};
			buildConfigurationList = 820589C72A2A749500217BF1 /* Build configuration list for PBXProject "Fore" */;
			compatibilityVersion = "Xcode 14.0";
			developmentRegion = en;
			hasScannedForEncodings = 0;
			knownRegions = (
				en,
				Base,
			);
			mainGroup = 820589C32A2A749500217BF1;
			productRefGroup = 820589CD2A2A749500217BF1 /* Products */;
			projectDirPath = "";
			projectRoot = "";
			targets = (
				820589CB2A2A749500217BF1 /* Fore */,
			);
		};
/* End PBXProject section */

/* Begin PBXResourcesBuildPhase section */
		820589CA2A2A749500217BF1 /* Resources */ = {
			isa = PBXResourcesBuildPhase;
			buildActionMask = 2147483647;
			files = (
				820589D72A2A749600217BF1 /* Preview Assets.xcassets in Resources */,
				820589D42A2A749600217BF1 /* Assets.xcassets in Resources */,
			);
			runOnlyForDeploymentPostprocessing = 0;
		};
/* End PBXResourcesBuildPhase section */

/* Begin PBXSourcesBuildPhase section */
		820589C82A2A749500217BF1 /* Sources */ = {
			isa = PBXSourcesBuildPhase;
			buildActionMask = 2147483647;
			files = (
				820589DF2A2A7ABE00217BF1 /* Dashboard.swift in Sources */,
				82FDBFEC2A3048B70018F462 /* MPInstructions.swift in Sources */,
				82FDBFEA2A30485E0018F462 /* SkinsInstructions.swift in Sources */,
				824209202A61E37400A5CA2C /* SkinsHoleCount.swift in Sources */,
				82FDBFE12A2E69740018F462 /* AllStatReset.swift in Sources */,
				820589D02A2A749500217BF1 /* ForeApp.swift in Sources */,
				824209282A61E3EE00A5CA2C /* SkinsGolfGame.swift in Sources */,
				824209222A61E3A800A5CA2C /* SkinsHoleGamePlay.swift in Sources */,
				820589E52A2AA44E00217BF1 /* PlayView.swift in Sources */,
				825EDC1B2A32815A003A8800 /* SPGolfPlayer.swift in Sources */,
				8242091E2A61E2D400A5CA2C /* SkinsPlayerCount.swift in Sources */,
				820589E32A2AA42F00217BF1 /* StatsView.swift in Sources */,
				82FA561F2A31036A004CAD8F /* SPHoleCount.swift in Sources */,
				8242092C2A61E40B00A5CA2C /* SkinsGameScoreCard.swift in Sources */,
				82FDBFDD2A2E693B0018F462 /* SkinStatReset.swift in Sources */,
				8242091B2A5C8DBF00A5CA2C /* SPGameScoreCard.swift in Sources */,
				822B048E2A415E6600ABA0A2 /* SPReviewSetup.swift in Sources */,
				82FDBFE52A2FD34A0018F462 /* SPPlayerCount.swift in Sources */,
				822FE69B2A2DB415008FB355 /* AchievementsView.swift in Sources */,
				82FDBFD92A2E5A1B0018F462 /* StatInfoView.swift in Sources */,
				824209262A61E3D500A5CA2C /* SkinsGolfHole.swift in Sources */,
				8242092A2A61E3FE00A5CA2C /* SkinsReviewSetup.swift in Sources */,
				82FDBFE82A3047420018F462 /* SPInstructions.swift in Sources */,
				82FDBFDF2A2E69560018F462 /* MatchPlayStatReset.swift in Sources */,
				82FDBFDB2A2E5A820018F462 /* StrokePlayStatReset.swift in Sources */,
				825EDC1F2A32B49F003A8800 /* SPGolfGame.swift in Sources */,
				820589E72A2AA46700217BF1 /* AccountView.swift in Sources */,
				82FA56222A317BFB004CAD8F /* SPHoleGamePlay.swift in Sources */,
				825EDC1D2A328179003A8800 /* SPGolfHole.swift in Sources */,
				822FE6992A2DB13C008FB355 /* GolfCoursesView.swift in Sources */,
				824209242A61E3C000A5CA2C /* SkinsGolfPlayer.swift in Sources */,
			);
			runOnlyForDeploymentPostprocessing = 0;
		};
/* End PBXSourcesBuildPhase section */

/* Begin XCBuildConfiguration section */
		820589D82A2A749600217BF1 /* Debug */ = {
			isa = XCBuildConfiguration;
			buildSettings = {
				ALWAYS_SEARCH_USER_PATHS = NO;
				CLANG_ANALYZER_NONNULL = YES;
				CLANG_ANALYZER_NUMBER_OBJECT_CONVERSION = YES_AGGRESSIVE;
				CLANG_CXX_LANGUAGE_STANDARD = "gnu++20";
				CLANG_ENABLE_MODULES = YES;
				CLANG_ENABLE_OBJC_ARC = YES;
				CLANG_ENABLE_OBJC_WEAK = YES;
				CLANG_WARN_BLOCK_CAPTURE_AUTORELEASING = YES;
				CLANG_WARN_BOOL_CONVERSION = YES;
				CLANG_WARN_COMMA = YES;
				CLANG_WARN_CONSTANT_CONVERSION = YES;
				CLANG_WARN_DEPRECATED_OBJC_IMPLEMENTATIONS = YES;
				CLANG_WARN_DIRECT_OBJC_ISA_USAGE = YES_ERROR;
				CLANG_WARN_DOCUMENTATION_COMMENTS = YES;
				CLANG_WARN_EMPTY_BODY = YES;
				CLANG_WARN_ENUM_CONVERSION = YES;
				CLANG_WARN_INFINITE_RECURSION = YES;
				CLANG_WARN_INT_CONVERSION = YES;
				CLANG_WARN_NON_LITERAL_NULL_CONVERSION = YES;
				CLANG_WARN_OBJC_IMPLICIT_RETAIN_SELF = YES;
				CLANG_WARN_OBJC_LITERAL_CONVERSION = YES;
				CLANG_WARN_OBJC_ROOT_CLASS = YES_ERROR;
				CLANG_WARN_QUOTED_INCLUDE_IN_FRAMEWORK_HEADER = YES;
				CLANG_WARN_RANGE_LOOP_ANALYSIS = YES;
				CLANG_WARN_STRICT_PROTOTYPES = YES;
				CLANG_WARN_SUSPICIOUS_MOVE = YES;
				CLANG_WARN_UNGUARDED_AVAILABILITY = YES_AGGRESSIVE;
				CLANG_WARN_UNREACHABLE_CODE = YES;
				CLANG_WARN__DUPLICATE_METHOD_MATCH = YES;
				COPY_PHASE_STRIP = NO;
				DEBUG_INFORMATION_FORMAT = dwarf;
				ENABLE_STRICT_OBJC_MSGSEND = YES;
				ENABLE_TESTABILITY = YES;
				GCC_C_LANGUAGE_STANDARD = gnu11;
				GCC_DYNAMIC_NO_PIC = NO;
				GCC_NO_COMMON_BLOCKS = YES;
				GCC_OPTIMIZATION_LEVEL = 0;
				GCC_PREPROCESSOR_DEFINITIONS = (
					"DEBUG=1",
					"$(inherited)",
				);
				GCC_WARN_64_TO_32_BIT_CONVERSION = YES;
				GCC_WARN_ABOUT_RETURN_TYPE = YES_ERROR;
				GCC_WARN_UNDECLARED_SELECTOR = YES;
				GCC_WARN_UNINITIALIZED_AUTOS = YES_AGGRESSIVE;
				GCC_WARN_UNUSED_FUNCTION = YES;
				GCC_WARN_UNUSED_VARIABLE = YES;
				IPHONEOS_DEPLOYMENT_TARGET = 16.4;
				MTL_ENABLE_DEBUG_INFO = INCLUDE_SOURCE;
				MTL_FAST_MATH = YES;
				ONLY_ACTIVE_ARCH = YES;
				SDKROOT = iphoneos;
				SWIFT_ACTIVE_COMPILATION_CONDITIONS = DEBUG;
				SWIFT_OPTIMIZATION_LEVEL = "-Onone";
			};
			name = Debug;
		};
		820589D92A2A749600217BF1 /* Release */ = {
			isa = XCBuildConfiguration;
			buildSettings = {
				ALWAYS_SEARCH_USER_PATHS = NO;
				CLANG_ANALYZER_NONNULL = YES;
				CLANG_ANALYZER_NUMBER_OBJECT_CONVERSION = YES_AGGRESSIVE;
				CLANG_CXX_LANGUAGE_STANDARD = "gnu++20";
				CLANG_ENABLE_MODULES = YES;
				CLANG_ENABLE_OBJC_ARC = YES;
				CLANG_ENABLE_OBJC_WEAK = YES;
				CLANG_WARN_BLOCK_CAPTURE_AUTORELEASING = YES;
				CLANG_WARN_BOOL_CONVERSION = YES;
				CLANG_WARN_COMMA = YES;
				CLANG_WARN_CONSTANT_CONVERSION = YES;
				CLANG_WARN_DEPRECATED_OBJC_IMPLEMENTATIONS = YES;
				CLANG_WARN_DIRECT_OBJC_ISA_USAGE = YES_ERROR;
				CLANG_WARN_DOCUMENTATION_COMMENTS = YES;
				CLANG_WARN_EMPTY_BODY = YES;
				CLANG_WARN_ENUM_CONVERSION = YES;
				CLANG_WARN_INFINITE_RECURSION = YES;
				CLANG_WARN_INT_CONVERSION = YES;
				CLANG_WARN_NON_LITERAL_NULL_CONVERSION = YES;
				CLANG_WARN_OBJC_IMPLICIT_RETAIN_SELF = YES;
				CLANG_WARN_OBJC_LITERAL_CONVERSION = YES;
				CLANG_WARN_OBJC_ROOT_CLASS = YES_ERROR;
				CLANG_WARN_QUOTED_INCLUDE_IN_FRAMEWORK_HEADER = YES;
				CLANG_WARN_RANGE_LOOP_ANALYSIS = YES;
				CLANG_WARN_STRICT_PROTOTYPES = YES;
				CLANG_WARN_SUSPICIOUS_MOVE = YES;
				CLANG_WARN_UNGUARDED_AVAILABILITY = YES_AGGRESSIVE;
				CLANG_WARN_UNREACHABLE_CODE = YES;
				CLANG_WARN__DUPLICATE_METHOD_MATCH = YES;
				COPY_PHASE_STRIP = NO;
				DEBUG_INFORMATION_FORMAT = "dwarf-with-dsym";
				ENABLE_NS_ASSERTIONS = NO;
				ENABLE_STRICT_OBJC_MSGSEND = YES;
				GCC_C_LANGUAGE_STANDARD = gnu11;
				GCC_NO_COMMON_BLOCKS = YES;
				GCC_WARN_64_TO_32_BIT_CONVERSION = YES;
				GCC_WARN_ABOUT_RETURN_TYPE = YES_ERROR;
				GCC_WARN_UNDECLARED_SELECTOR = YES;
				GCC_WARN_UNINITIALIZED_AUTOS = YES_AGGRESSIVE;
				GCC_WARN_UNUSED_FUNCTION = YES;
				GCC_WARN_UNUSED_VARIABLE = YES;
				IPHONEOS_DEPLOYMENT_TARGET = 16.4;
				MTL_ENABLE_DEBUG_INFO = NO;
				MTL_FAST_MATH = YES;
				SDKROOT = iphoneos;
				SWIFT_COMPILATION_MODE = wholemodule;
				SWIFT_OPTIMIZATION_LEVEL = "-O";
				VALIDATE_PRODUCT = YES;
			};
			name = Release;
		};
		820589DB2A2A749600217BF1 /* Debug */ = {
			isa = XCBuildConfiguration;
			buildSettings = {
				ASSETCATALOG_COMPILER_APPICON_NAME = AppIcon;
				ASSETCATALOG_COMPILER_GLOBAL_ACCENT_COLOR_NAME = AccentColor;
				CODE_SIGN_STYLE = Automatic;
				CURRENT_PROJECT_VERSION = 1;
				DEVELOPMENT_ASSET_PATHS = "\"Fore/Preview Content\"";
				DEVELOPMENT_TEAM = KYQ6WH2LRN;
				ENABLE_PREVIEWS = YES;
				GENERATE_INFOPLIST_FILE = YES;
				INFOPLIST_KEY_UIApplicationSceneManifest_Generation = YES;
				INFOPLIST_KEY_UIApplicationSupportsIndirectInputEvents = YES;
				INFOPLIST_KEY_UILaunchScreen_Generation = YES;
				INFOPLIST_KEY_UISupportedInterfaceOrientations_iPad = "UIInterfaceOrientationPortrait UIInterfaceOrientationPortraitUpsideDown UIInterfaceOrientationLandscapeLeft UIInterfaceOrientationLandscapeRight";
				INFOPLIST_KEY_UISupportedInterfaceOrientations_iPhone = "UIInterfaceOrientationPortrait UIInterfaceOrientationLandscapeLeft UIInterfaceOrientationLandscapeRight";
				LD_RUNPATH_SEARCH_PATHS = (
					"$(inherited)",
					"@executable_path/Frameworks",
				);
				MARKETING_VERSION = 1.0;
				PRODUCT_BUNDLE_IDENTIFIER = com.matthewmcdonald.Fore;
				PRODUCT_NAME = "$(TARGET_NAME)";
				SWIFT_EMIT_LOC_STRINGS = YES;
				SWIFT_VERSION = 5.0;
				TARGETED_DEVICE_FAMILY = "1,2";
			};
			name = Debug;
		};
		820589DC2A2A749600217BF1 /* Release */ = {
			isa = XCBuildConfiguration;
			buildSettings = {
				ASSETCATALOG_COMPILER_APPICON_NAME = AppIcon;
				ASSETCATALOG_COMPILER_GLOBAL_ACCENT_COLOR_NAME = AccentColor;
				CODE_SIGN_STYLE = Automatic;
				CURRENT_PROJECT_VERSION = 1;
				DEVELOPMENT_ASSET_PATHS = "\"Fore/Preview Content\"";
				DEVELOPMENT_TEAM = KYQ6WH2LRN;
				ENABLE_PREVIEWS = YES;
				GENERATE_INFOPLIST_FILE = YES;
				INFOPLIST_KEY_UIApplicationSceneManifest_Generation = YES;
				INFOPLIST_KEY_UIApplicationSupportsIndirectInputEvents = YES;
				INFOPLIST_KEY_UILaunchScreen_Generation = YES;
				INFOPLIST_KEY_UISupportedInterfaceOrientations_iPad = "UIInterfaceOrientationPortrait UIInterfaceOrientationPortraitUpsideDown UIInterfaceOrientationLandscapeLeft UIInterfaceOrientationLandscapeRight";
				INFOPLIST_KEY_UISupportedInterfaceOrientations_iPhone = "UIInterfaceOrientationPortrait UIInterfaceOrientationLandscapeLeft UIInterfaceOrientationLandscapeRight";
				LD_RUNPATH_SEARCH_PATHS = (
					"$(inherited)",
					"@executable_path/Frameworks",
				);
				MARKETING_VERSION = 1.0;
				PRODUCT_BUNDLE_IDENTIFIER = com.matthewmcdonald.Fore;
				PRODUCT_NAME = "$(TARGET_NAME)";
				SWIFT_EMIT_LOC_STRINGS = YES;
				SWIFT_VERSION = 5.0;
				TARGETED_DEVICE_FAMILY = "1,2";
			};
			name = Release;
		};
/* End XCBuildConfiguration section */

/* Begin XCConfigurationList section */
		820589C72A2A749500217BF1 /* Build configuration list for PBXProject "Fore" */ = {
			isa = XCConfigurationList;
			buildConfigurations = (
				820589D82A2A749600217BF1 /* Debug */,
				820589D92A2A749600217BF1 /* Release */,
			);
			defaultConfigurationIsVisible = 0;
			defaultConfigurationName = Release;
		};
		820589DA2A2A749600217BF1 /* Build configuration list for PBXNativeTarget "Fore" */ = {
			isa = XCConfigurationList;
			buildConfigurations = (
				820589DB2A2A749600217BF1 /* Debug */,
				820589DC2A2A749600217BF1 /* Release */,
			);
			defaultConfigurationIsVisible = 0;
			defaultConfigurationName = Release;
		};
/* End XCConfigurationList section */
	};
	rootObject = 820589C42A2A749500217BF1 /* Project object */;
}
